// !$*UTF8*$!
{
	archiveVersion = 1;
	classes = {
	};
	objectVersion = 50;
	objects = {

/* Begin PBXBuildFile section */
		B33E94FC22E61EF400AA9939 /* AppDelegate.swift in Sources */ = {isa = PBXBuildFile; fileRef = B33E94FB22E61EF400AA9939 /* AppDelegate.swift */; };
		B33E94FE22E61EF400AA9939 /* SceneDelegate.swift in Sources */ = {isa = PBXBuildFile; fileRef = B33E94FD22E61EF400AA9939 /* SceneDelegate.swift */; };
		B33E950022E61EF400AA9939 /* ViewController.swift in Sources */ = {isa = PBXBuildFile; fileRef = B33E94FF22E61EF400AA9939 /* ViewController.swift */; };
		B33E950322E61EF400AA9939 /* Main.storyboard in Resources */ = {isa = PBXBuildFile; fileRef = B33E950122E61EF400AA9939 /* Main.storyboard */; };
		B33E950522E61EF900AA9939 /* Assets.xcassets in Resources */ = {isa = PBXBuildFile; fileRef = B33E950422E61EF900AA9939 /* Assets.xcassets */; };
		B33E950822E61EF900AA9939 /* LaunchScreen.storyboard in Resources */ = {isa = PBXBuildFile; fileRef = B33E950622E61EF900AA9939 /* LaunchScreen.storyboard */; };
/* End PBXBuildFile section */

/* Begin PBXFileReference section */
		B33E94F822E61EF400AA9939 /* minues-ios-app.app */ = {isa = PBXFileReference; explicitFileType = wrapper.application; includeInIndex = 0; path = "minues-ios-app.app"; sourceTree = BUILT_PRODUCTS_DIR; };
		B33E94FB22E61EF400AA9939 /* AppDelegate.swift */ = {isa = PBXFileReference; lastKnownFileType = sourcecode.swift; path = AppDelegate.swift; sourceTree = "<group>"; };
		B33E94FD22E61EF400AA9939 /* SceneDelegate.swift */ = {isa = PBXFileReference; lastKnownFileType = sourcecode.swift; path = SceneDelegate.swift; sourceTree = "<group>"; };
		B33E94FF22E61EF400AA9939 /* ViewController.swift */ = {isa = PBXFileReference; lastKnownFileType = sourcecode.swift; path = ViewController.swift; sourceTree = "<group>"; };
		B33E950222E61EF400AA9939 /* Base */ = {isa = PBXFileReference; lastKnownFileType = file.storyboard; name = Base; path = Base.lproj/Main.storyboard; sourceTree = "<group>"; };
		B33E950422E61EF900AA9939 /* Assets.xcassets */ = {isa = PBXFileReference; lastKnownFileType = folder.assetcatalog; path = Assets.xcassets; sourceTree = "<group>"; };
		B33E950722E61EF900AA9939 /* Base */ = {isa = PBXFileReference; lastKnownFileType = file.storyboard; name = Base; path = Base.lproj/LaunchScreen.storyboard; sourceTree = "<group>"; };
		B33E950922E61EF900AA9939 /* Info.plist */ = {isa = PBXFileReference; lastKnownFileType = text.plist.xml; path = Info.plist; sourceTree = "<group>"; };
		B33E950F22E6329000AA9939 /* BlogEntryGenerator.playground */ = {isa = PBXFileReference; lastKnownFileType = file.playground; name = BlogEntryGenerator.playground; path = ../BlogEntryGenerator.playground; sourceTree = "<group>"; xcLanguageSpecificationIdentifier = xcode.lang.swift; };
/* End PBXFileReference section */

/* Begin PBXFrameworksBuildPhase section */
		B33E94F522E61EF400AA9939 /* Frameworks */ = {
			isa = PBXFrameworksBuildPhase;
			buildActionMask = 2147483647;
			files = (
			);
			runOnlyForDeploymentPostprocessing = 0;
		};
/* End PBXFrameworksBuildPhase section */

/* Begin PBXGroup section */
		B33E94EF22E61EF400AA9939 = {
			isa = PBXGroup;
			children = (
				B33E950F22E6329000AA9939 /* BlogEntryGenerator.playground */,
				B33E94FA22E61EF400AA9939 /* minues-ios-app */,
				B33E94F922E61EF400AA9939 /* Products */,
			);
			sourceTree = "<group>";
		};
		B33E94F922E61EF400AA9939 /* Products */ = {
			isa = PBXGroup;
			children = (
				B33E94F822E61EF400AA9939 /* minues-ios-app.app */,
			);
			name = Products;
			sourceTree = "<group>";
		};
		B33E94FA22E61EF400AA9939 /* minues-ios-app */ = {
			isa = PBXGroup;
			children = (
				B33E94FB22E61EF400AA9939 /* AppDelegate.swift */,
				B33E94FD22E61EF400AA9939 /* SceneDelegate.swift */,
				B33E94FF22E61EF400AA9939 /* ViewController.swift */,
				B33E950122E61EF400AA9939 /* Main.storyboard */,
				B33E950422E61EF900AA9939 /* Assets.xcassets */,
				B33E950622E61EF900AA9939 /* LaunchScreen.storyboard */,
				B33E950922E61EF900AA9939 /* Info.plist */,
			);
			path = "minues-ios-app";
			sourceTree = "<group>";
		};
/* End PBXGroup section */

/* Begin PBXNativeTarget section */
		B33E94F722E61EF400AA9939 /* minues-ios-app */ = {
			isa = PBXNativeTarget;
			buildConfigurationList = B33E950C22E61EF900AA9939 /* Build configuration list for PBXNativeTarget "minues-ios-app" */;
			buildPhases = (
				B33E94F422E61EF400AA9939 /* Sources */,
				B33E94F522E61EF400AA9939 /* Frameworks */,
				B33E94F622E61EF400AA9939 /* Resources */,
			);
			buildRules = (
			);
			dependencies = (
			);
			name = "minues-ios-app";
			productName = "minues-ios-app";
			productReference = B33E94F822E61EF400AA9939 /* minues-ios-app.app */;
			productType = "com.apple.product-type.application";
		};
/* End PBXNativeTarget section */

/* Begin PBXProject section */
		B33E94F022E61EF400AA9939 /* Project object */ = {
			isa = PBXProject;
			attributes = {
				LastSwiftUpdateCheck = 1100;
				LastUpgradeCheck = 1100;
				ORGANIZATIONNAME = BrightDigit;
				TargetAttributes = {
					B33E94F722E61EF400AA9939 = {
						CreatedOnToolsVersion = 11.0;
					};
				};
			};
			buildConfigurationList = B33E94F322E61EF400AA9939 /* Build configuration list for PBXProject "minues-ios-app" */;
			compatibilityVersion = "Xcode 9.3";
			developmentRegion = en;
			hasScannedForEncodings = 0;
			knownRegions = (
				en,
				Base,
			);
			mainGroup = B33E94EF22E61EF400AA9939;
			productRefGroup = B33E94F922E61EF400AA9939 /* Products */;
			projectDirPath = "";
			projectRoot = "";
			targets = (
				B33E94F722E61EF400AA9939 /* minues-ios-app */,
			);
		};
/* End PBXProject section */

/* Begin PBXResourcesBuildPhase section */
		B33E94F622E61EF400AA9939 /* Resources */ = {
			isa = PBXResourcesBuildPhase;
			buildActionMask = 2147483647;
			files = (
				B33E950822E61EF900AA9939 /* LaunchScreen.storyboard in Resources */,
				B33E950522E61EF900AA9939 /* Assets.xcassets in Resources */,
				B33E950322E61EF400AA9939 /* Main.storyboard in Resources */,
			);
			runOnlyForDeploymentPostprocessing = 0;
		};
/* End PBXResourcesBuildPhase section */

/* Begin PBXSourcesBuildPhase section */
		B33E94F422E61EF400AA9939 /* Sources */ = {
			isa = PBXSourcesBuildPhase;
			buildActionMask = 2147483647;
			files = (
				B33E950022E61EF400AA9939 /* ViewController.swift in Sources */,
				B33E94FC22E61EF400AA9939 /* AppDelegate.swift in Sources */,
				B33E94FE22E61EF400AA9939 /* SceneDelegate.swift in Sources */,
			);
			runOnlyForDeploymentPostprocessing = 0;
		};
/* End PBXSourcesBuildPhase section */

/* Begin PBXVariantGroup section */
		B33E950122E61EF400AA9939 /* Main.storyboard */ = {
			isa = PBXVariantGroup;
			children = (
				B33E950222E61EF400AA9939 /* Base */,
			);
			name = Main.storyboard;
			sourceTree = "<group>";
		};
		B33E950622E61EF900AA9939 /* LaunchScreen.storyboard */ = {
			isa = PBXVariantGroup;
			children = (
				B33E950722E61EF900AA9939 /* Base */,
			);
			name = LaunchScreen.storyboard;
			sourceTree = "<group>";
		};
/* End PBXVariantGroup section */

/* Begin XCBuildConfiguration section */
		B33E950A22E61EF900AA9939 /* Debug */ = {
			isa = XCBuildConfiguration;
			buildSettings = {
				ALWAYS_SEARCH_USER_PATHS = NO;
				CLANG_ANALYZER_NONNULL = YES;
				CLANG_ANALYZER_NUMBER_OBJECT_CONVERSION = YES_AGGRESSIVE;
				CLANG_CXX_LANGUAGE_STANDARD = "gnu++14";
				CLANG_CXX_LIBRARY = "libc++";
				CLANG_ENABLE_MODULES = YES;
				CLANG_ENABLE_OBJC_ARC = YES;
				CLANG_ENABLE_OBJC_WEAK = YES;
				CLANG_WARN_BLOCK_CAPTURE_AUTORELEASING = YES;
				CLANG_WARN_BOOL_CONVERSION = YES;
				CLANG_WARN_COMMA = YES;
				CLANG_WARN_CONSTANT_CONVERSION = YES;
				CLANG_WARN_DEPRECATED_OBJC_IMPLEMENTATIONS = YES;
				CLANG_WARN_DIRECT_OBJC_ISA_USAGE = YES_ERROR;
				CLANG_WARN_DOCUMENTATION_COMMENTS = YES;
				CLANG_WARN_EMPTY_BODY = YES;
				CLANG_WARN_ENUM_CONVERSION = YES;
				CLANG_WARN_INFINITE_RECURSION = YES;
				CLANG_WARN_INT_CONVERSION = YES;
				CLANG_WARN_NON_LITERAL_NULL_CONVERSION = YES;
				CLANG_WARN_OBJC_IMPLICIT_RETAIN_SELF = YES;
				CLANG_WARN_OBJC_LITERAL_CONVERSION = YES;
				CLANG_WARN_OBJC_ROOT_CLASS = YES_ERROR;
				CLANG_WARN_RANGE_LOOP_ANALYSIS = YES;
				CLANG_WARN_STRICT_PROTOTYPES = YES;
				CLANG_WARN_SUSPICIOUS_MOVE = YES;
				CLANG_WARN_UNGUARDED_AVAILABILITY = YES_AGGRESSIVE;
				CLANG_WARN_UNREACHABLE_CODE = YES;
				CLANG_WARN__DUPLICATE_METHOD_MATCH = YES;
				COPY_PHASE_STRIP = NO;
				DEBUG_INFORMATION_FORMAT = dwarf;
				ENABLE_STRICT_OBJC_MSGSEND = YES;
				ENABLE_TESTABILITY = YES;
				GCC_C_LANGUAGE_STANDARD = gnu11;
				GCC_DYNAMIC_NO_PIC = NO;
				GCC_NO_COMMON_BLOCKS = YES;
				GCC_OPTIMIZATION_LEVEL = 0;
				GCC_PREPROCESSOR_DEFINITIONS = (
					"DEBUG=1",
					"$(inherited)",
				);
				GCC_WARN_64_TO_32_BIT_CONVERSION = YES;
				GCC_WARN_ABOUT_RETURN_TYPE = YES_ERROR;
				GCC_WARN_UNDECLARED_SELECTOR = YES;
				GCC_WARN_UNINITIALIZED_AUTOS = YES_AGGRESSIVE;
				GCC_WARN_UNUSED_FUNCTION = YES;
				GCC_WARN_UNUSED_VARIABLE = YES;
				IPHONEOS_DEPLOYMENT_TARGET = 13.0;
				MTL_ENABLE_DEBUG_INFO = INCLUDE_SOURCE;
				MTL_FAST_MATH = YES;
				ONLY_ACTIVE_ARCH = YES;
				SDKROOT = iphoneos;
				SWIFT_ACTIVE_COMPILATION_CONDITIONS = DEBUG;
				SWIFT_OPTIMIZATION_LEVEL = "-Onone";
			};
			name = Debug;
		};
		B33E950B22E61EF900AA9939 /* Release */ = {
			isa = XCBuildConfiguration;
			buildSettings = {
				ALWAYS_SEARCH_USER_PATHS = NO;
				CLANG_ANALYZER_NONNULL = YES;
				CLANG_ANALYZER_NUMBER_OBJECT_CONVERSION = YES_AGGRESSIVE;
				CLANG_CXX_LANGUAGE_STANDARD = "gnu++14";
				CLANG_CXX_LIBRARY = "libc++";
				CLANG_ENABLE_MODULES = YES;
				CLANG_ENABLE_OBJC_ARC = YES;
				CLANG_ENABLE_OBJC_WEAK = YES;
				CLANG_WARN_BLOCK_CAPTURE_AUTORELEASING = YES;
				CLANG_WARN_BOOL_CONVERSION = YES;
				CLANG_WARN_COMMA = YES;
				CLANG_WARN_CONSTANT_CONVERSION = YES;
				CLANG_WARN_DEPRECATED_OBJC_IMPLEMENTATIONS = YES;
				CLANG_WARN_DIRECT_OBJC_ISA_USAGE = YES_ERROR;
				CLANG_WARN_DOCUMENTATION_COMMENTS = YES;
				CLANG_WARN_EMPTY_BODY = YES;
				CLANG_WARN_ENUM_CONVERSION = YES;
				CLANG_WARN_INFINITE_RECURSION = YES;
				CLANG_WARN_INT_CONVERSION = YES;
				CLANG_WARN_NON_LITERAL_NULL_CONVERSION = YES;
				CLANG_WARN_OBJC_IMPLICIT_RETAIN_SELF = YES;
				CLANG_WARN_OBJC_LITERAL_CONVERSION = YES;
				CLANG_WARN_OBJC_ROOT_CLASS = YES_ERROR;
				CLANG_WARN_RANGE_LOOP_ANALYSIS = YES;
				CLANG_WARN_STRICT_PROTOTYPES = YES;
				CLANG_WARN_SUSPICIOUS_MOVE = YES;
				CLANG_WARN_UNGUARDED_AVAILABILITY = YES_AGGRESSIVE;
				CLANG_WARN_UNREACHABLE_CODE = YES;
				CLANG_WARN__DUPLICATE_METHOD_MATCH = YES;
				COPY_PHASE_STRIP = NO;
				DEBUG_INFORMATION_FORMAT = "dwarf-with-dsym";
				ENABLE_NS_ASSERTIONS = NO;
				ENABLE_STRICT_OBJC_MSGSEND = YES;
				GCC_C_LANGUAGE_STANDARD = gnu11;
				GCC_NO_COMMON_BLOCKS = YES;
				GCC_WARN_64_TO_32_BIT_CONVERSION = YES;
				GCC_WARN_ABOUT_RETURN_TYPE = YES_ERROR;
				GCC_WARN_UNDECLARED_SELECTOR = YES;
				GCC_WARN_UNINITIALIZED_AUTOS = YES_AGGRESSIVE;
				GCC_WARN_UNUSED_FUNCTION = YES;
				GCC_WARN_UNUSED_VARIABLE = YES;
				IPHONEOS_DEPLOYMENT_TARGET = 13.0;
				MTL_ENABLE_DEBUG_INFO = NO;
				MTL_FAST_MATH = YES;
				SDKROOT = iphoneos;
				SWIFT_COMPILATION_MODE = wholemodule;
				SWIFT_OPTIMIZATION_LEVEL = "-O";
				VALIDATE_PRODUCT = YES;
			};
			name = Release;
		};
		B33E950D22E61EF900AA9939 /* Debug */ = {
			isa = XCBuildConfiguration;
			buildSettings = {
				ASSETCATALOG_COMPILER_APPICON_NAME = AppIcon;
				CODE_SIGN_STYLE = Automatic;
				DEVELOPMENT_TEAM = MLT7M394S7;
				INFOPLIST_FILE = "minues-ios-app/Info.plist";
				LD_RUNPATH_SEARCH_PATHS = (
					"$(inherited)",
					"@executable_path/Frameworks",
				);
				PRODUCT_BUNDLE_IDENTIFIER = "com.brightdigit.minues-ios-app";
				PRODUCT_NAME = "$(TARGET_NAME)";
				SWIFT_VERSION = 5.0;
				TARGETED_DEVICE_FAMILY = "1,2";
			};
			name = Debug;
		};
		B33E950E22E61EF900AA9939 /* Release */ = {
			isa = XCBuildConfiguration;
			buildSettings = {
				ASSETCATALOG_COMPILER_APPICON_NAME = AppIcon;
				CODE_SIGN_STYLE = Automatic;
				DEVELOPMENT_TEAM = MLT7M394S7;
				INFOPLIST_FILE = "minues-ios-app/Info.plist";
				LD_RUNPATH_SEARCH_PATHS = (
					"$(inherited)",
					"@executable_path/Frameworks",
				);
				PRODUCT_BUNDLE_IDENTIFIER = "com.brightdigit.minues-ios-app";
				PRODUCT_NAME = "$(TARGET_NAME)";
				SWIFT_VERSION = 5.0;
				TARGETED_DEVICE_FAMILY = "1,2";
			};
			name = Release;
		};
/* End XCBuildConfiguration section */

/* Begin XCConfigurationList section */
		B33E94F322E61EF400AA9939 /* Build configuration list for PBXProject "minues-ios-app" */ = {
			isa = XCConfigurationList;
			buildConfigurations = (
				B33E950A22E61EF900AA9939 /* Debug */,
				B33E950B22E61EF900AA9939 /* Release */,
			);
			defaultConfigurationIsVisible = 0;
			defaultConfigurationName = Release;
		};
		B33E950C22E61EF900AA9939 /* Build configuration list for PBXNativeTarget "minues-ios-app" */ = {
			isa = XCConfigurationList;
			buildConfigurations = (
				B33E950D22E61EF900AA9939 /* Debug */,
				B33E950E22E61EF900AA9939 /* Release */,
			);
			defaultConfigurationIsVisible = 0;
			defaultConfigurationName = Release;
		};
/* End XCConfigurationList section */
	};
	rootObject = B33E94F022E61EF400AA9939 /* Project object */;
}
